
Microsoft Visual Studio Solution File, Format Version 12.00
# Visual Studio 2013
VisualStudioVersion = 12.0.31101.0
MinimumVisualStudioVersion = 10.0.40219.1
Project("{FAE04EC0-301F-11D3-BF4B-00C04F79EFBC}") = "SangueRapidoDados", "SangueRapido-Dados\SangueRapidoDados.csproj", "{45518D3E-A19E-4E3D-BCF6-1794D29CBEAA}"
EndProject
Project("{FAE04EC0-301F-11D3-BF4B-00C04F79EFBC}") = "SangueRapidoWeb", "SangueRapido-Web\SangueRapidoWeb.csproj", "{83A9806F-9C1C-447E-ADDE-C53918C3D2B7}"
EndProject
Project("{FAE04EC0-301F-11D3-BF4B-00C04F79EFBC}") = "SangueRapidoNegocios", "SangueRapido-Negocios\SangueRapidoNegocios.csproj", "{FA311853-7D7E-4DCA-BF72-50A71D385080}"
EndProject
Global
	GlobalSection(SolutionConfigurationPlatforms) = preSolution
		Debug|Any CPU = Debug|Any CPU
		Release|Any CPU = Release|Any CPU
	EndGlobalSection
	GlobalSection(ProjectConfigurationPlatforms) = postSolution
		{45518D3E-A19E-4E3D-BCF6-1794D29CBEAA}.Debug|Any CPU.ActiveCfg = Debug|Any CPU
		{45518D3E-A19E-4E3D-BCF6-1794D29CBEAA}.Debug|Any CPU.Build.0 = Debug|Any CPU
		{45518D3E-A19E-4E3D-BCF6-1794D29CBEAA}.Release|Any CPU.ActiveCfg = Release|Any CPU
		{45518D3E-A19E-4E3D-BCF6-1794D29CBEAA}.Release|Any CPU.Build.0 = Release|Any CPU
		{83A9806F-9C1C-447E-ADDE-C53918C3D2B7}.Debug|Any CPU.ActiveCfg = Debug|Any CPU
		{83A9806F-9C1C-447E-ADDE-C53918C3D2B7}.Debug|Any CPU.Build.0 = Debug|Any CPU
		{83A9806F-9C1C-447E-ADDE-C53918C3D2B7}.Release|Any CPU.ActiveCfg = Release|Any CPU
		{83A9806F-9C1C-447E-ADDE-C53918C3D2B7}.Release|Any CPU.Build.0 = Release|Any CPU
		{FA311853-7D7E-4DCA-BF72-50A71D385080}.Debug|Any CPU.ActiveCfg = Debug|Any CPU
		{FA311853-7D7E-4DCA-BF72-50A71D385080}.Debug|Any CPU.Build.0 = Debug|Any CPU
		{FA311853-7D7E-4DCA-BF72-50A71D385080}.Release|Any CPU.ActiveCfg = Release|Any CPU
		{FA311853-7D7E-4DCA-BF72-50A71D385080}.Release|Any CPU.Build.0 = Release|Any CPU
	EndGlobalSection
	GlobalSection(SolutionProperties) = preSolution
		HideSolutionNode = FALSE
	EndGlobalSection
EndGlobal
